{
  "lockfileVersion": 2,
  "configVersion": 1,
  "workspaces": {
    "": {
      "name": "@codebend3r/gale",
      "devDependencies": {
        "lefthook": "2.2.1",
      },
    },
  },
  "trustedDependencies": [
    "lefthook",
  ],
  "packages": {
    "lefthook": ["lefthook@2.2.1", "", { "optionalDependencies": { "lefthook-darwin-arm64": "2.2.1", "lefthook-darwin-x64": "2.2.1", "lefthook-freebsd-arm64": "2.2.1", "lefthook-freebsd-x64": "2.2.1", "lefthook-linux-arm64": "2.2.1", "lefthook-linux-x64": "2.2.1", "lefthook-openbsd-arm64": "2.2.1", "lefthook-openbsd-x64": "2.2.1", "lefthook-windows-arm64": "2.2.1", "lefthook-windows-x64": "2.2.1" }, "bin": { "lefthook": "bin/index.js" } }, "sha512-aKEwhQzGbLMkZu5vrFYKJzLvLVblWATYITmN7Ak4qRCDPCoFJhmeJZFuYf3nTXuqG9xTBE+J8xaAEPL2tpuWyw=="],

    "lefthook-darwin-arm64": ["lefthook-darwin-arm64@2.2.1", "", { "os": "darwin", "cpu": "arm64" }, "sha512-SyuDBT5HqNQfi607vMHrYJu45bRN7JoIFdyxLjEPVe34UnZJCesmeYBODEYTyCfRZjPOaTbton4Padu+qvqfCQ=="],

    "lefthook-darwin-x64": ["lefthook-darwin-x64@2.2.1", "", { "os": "darwin", "cpu": "x64" }, "sha512-qkIdM89T3OxpLp9rssPSdRQ7QKkX0l07xWxxOaZfECn5iB2xVXSD9FQSjYUMNGXtJJWOGqdKqBngGTB/ShDZtQ=="],

    "lefthook-freebsd-arm64": ["lefthook-freebsd-arm64@2.2.1", "", { "os": "freebsd", "cpu": "arm64" }, "sha512-0jdr/9Q5cGuazrEVquv29AOD77aPc2jAmFU4EtqVVg3PhMJjAyt7bQeA9qdwHhaHhLnaeUZwMwo3IleVm+D4wg=="],

    "lefthook-freebsd-x64": ["lefthook-freebsd-x64@2.2.1", "", { "os": "freebsd", "cpu": "x64" }, "sha512-JFKyNZ9qQp9NsuFyAg/CJIBurIHX3AUayFXxuoDMATWAIhhlyK0YMtpWgEFIl1M2iGLBLQ3TiLoCCRnbwndNDg=="],

    "lefthook-linux-arm64": ["lefthook-linux-arm64@2.2.1", "", { "os": "linux", "cpu": "arm64" }, "sha512-na8Ezm7pK44+WsQqj9tES7v8VseM1MrNeNJhUnM8eINV22KYptWam8evfjZxY3NYxOTwn6f/Zpe/BBvcLKMaTQ=="],

    "lefthook-linux-x64": ["lefthook-linux-x64@2.2.1", "", { "os": "linux", "cpu": "x64" }, "sha512-wl7CR5uNkOiZ38SkW4l9O6wf/Nllbkw90ZZonXRFkbgrnPjLMhZGUt9ucewsPwBQ/ckU1t08JuBHeOywB/CFow=="],

    "lefthook-openbsd-arm64": ["lefthook-openbsd-arm64@2.2.1", "", { "os": "openbsd", "cpu": "arm64" }, "sha512-UFwL+AGSqkhQ15kuKl5FMRx/UqbcfcQbGFg5ggYzhT7qBOsTu3a9POXRxt3hsalBeMgkDWsv3IaPlj51YGpCAg=="],

    "lefthook-openbsd-x64": ["lefthook-openbsd-x64@2.2.1", "", { "os": "openbsd", "cpu": "x64" }, "sha512-IMKEuxJLo91C1yjhJ42EadfXUb3ECMkvTKpSt17kwaiyZsvvZ8LGdrXwQZiLNJt2M5ECuTVCQUvDimM6mGraOw=="],

    "lefthook-windows-arm64": ["lefthook-windows-arm64@2.2.1", "", { "os": "win32", "cpu": "arm64" }, "sha512-Pi8vOvObjg8HJDl8d96s7jsI6TN33klpqv6tXSXpoKEeoAwEh5Y9NawO6bzoOpLfAxf2SfMBcuaBzFQ5zE2gjA=="],

    "lefthook-windows-x64": ["lefthook-windows-x64@2.2.1", "", { "os": "win32", "cpu": "x64" }, "sha512-7FtuPrc1XzxIFLAbzneOF1hr9r/vGi2lcMpX14QG9d/mnLhwu4EyNBh48JNEqsQqrOB9QKavsNqxVl1e8zcukA=="],
  }
}
